
Microsoft Visual Studio Solution File, Format Version 12.00
# Visual Studio Version 16
VisualStudioVersion = 16.0.31702.278
MinimumVisualStudioVersion = 10.0.40219.1
Project("{FAE04EC0-301F-11D3-BF4B-00C04F79EFBC}") = "MyPt.Android", "MyPt\MyPt.Android\MyPt.Android.csproj", "{68FBC2BC-97D6-47FF-9CE6-EEC42BC115C4}"
EndProject
Project("{FAE04EC0-301F-11D3-BF4B-00C04F79EFBC}") = "MyPt", "MyPt\MyPt\MyPt.csproj", "{76344385-DA46-47F1-B40E-AD594019EECE}"
EndProject
Global
	GlobalSection(SolutionConfigurationPlatforms) = preSolution
		Debug|Any CPU = Debug|Any CPU
		Release|Any CPU = Release|Any CPU
	EndGlobalSection
	GlobalSection(ProjectConfigurationPlatforms) = postSolution
		{68FBC2BC-97D6-47FF-9CE6-EEC42BC115C4}.Debug|Any CPU.ActiveCfg = Debug|Any CPU
		{68FBC2BC-97D6-47FF-9CE6-EEC42BC115C4}.Debug|Any CPU.Build.0 = Debug|Any CPU
		{68FBC2BC-97D6-47FF-9CE6-EEC42BC115C4}.Debug|Any CPU.Deploy.0 = Debug|Any CPU
		{68FBC2BC-97D6-47FF-9CE6-EEC42BC115C4}.Release|Any CPU.ActiveCfg = Release|Any CPU
		{68FBC2BC-97D6-47FF-9CE6-EEC42BC115C4}.Release|Any CPU.Build.0 = Release|Any CPU
		{68FBC2BC-97D6-47FF-9CE6-EEC42BC115C4}.Release|Any CPU.Deploy.0 = Release|Any CPU
		{76344385-DA46-47F1-B40E-AD594019EECE}.Debug|Any CPU.ActiveCfg = Debug|Any CPU
		{76344385-DA46-47F1-B40E-AD594019EECE}.Debug|Any CPU.Build.0 = Debug|Any CPU
		{76344385-DA46-47F1-B40E-AD594019EECE}.Debug|Any CPU.Deploy.0 = Debug|Any CPU
		{76344385-DA46-47F1-B40E-AD594019EECE}.Release|Any CPU.ActiveCfg = Release|Any CPU
		{76344385-DA46-47F1-B40E-AD594019EECE}.Release|Any CPU.Build.0 = Release|Any CPU
		{76344385-DA46-47F1-B40E-AD594019EECE}.Release|Any CPU.Deploy.0 = Release|Any CPU
	EndGlobalSection
	GlobalSection(SolutionProperties) = preSolution
		HideSolutionNode = FALSE
	EndGlobalSection
	GlobalSection(ExtensibilityGlobals) = postSolution
		SolutionGuid = {3843374A-EE81-4D90-8B54-E6808E8D0D11}
	EndGlobalSection
EndGlobal
